
Microsoft Visual Studio Solution File, Format Version 12.00
# Visual Studio 15
VisualStudioVersion = 15.0.27703.1
MinimumVisualStudioVersion = 10.0.40219.1
Project("{FAE04EC0-301F-11D3-BF4B-00C04F79EFBC}") = "Laser_Cam", "Laser_Version2.0\Laser_Cam.csproj", "{4E9B417B-52DF-461C-AB1C-B887A98FCE34}"
EndProject
Global
	GlobalSection(SolutionConfigurationPlatforms) = preSolution
		Debug|Any CPU = Debug|Any CPU
		Debug|x64 = Debug|x64
		Release|Any CPU = Release|Any CPU
		Release|x64 = Release|x64
	EndGlobalSection
	GlobalSection(ProjectConfigurationPlatforms) = postSolution
		{4E9B417B-52DF-461C-AB1C-B887A98FCE34}.Debug|Any CPU.ActiveCfg = Debug|Any CPU
		{4E9B417B-52DF-461C-AB1C-B887A98FCE34}.Debug|Any CPU.Build.0 = Debug|Any CPU
		{4E9B417B-52DF-461C-AB1C-B887A98FCE34}.Debug|x64.ActiveCfg = Debug|x64
		{4E9B417B-52DF-461C-AB1C-B887A98FCE34}.Debug|x64.Build.0 = Debug|x64
		{4E9B417B-52DF-461C-AB1C-B887A98FCE34}.Release|Any CPU.ActiveCfg = Release|Any CPU
		{4E9B417B-52DF-461C-AB1C-B887A98FCE34}.Release|Any CPU.Build.0 = Release|Any CPU
		{4E9B417B-52DF-461C-AB1C-B887A98FCE34}.Release|x64.ActiveCfg = Release|x64
		{4E9B417B-52DF-461C-AB1C-B887A98FCE34}.Release|x64.Build.0 = Release|x64
	EndGlobalSection
	GlobalSection(SolutionProperties) = preSolution
		HideSolutionNode = FALSE
	EndGlobalSection
	GlobalSection(ExtensibilityGlobals) = postSolution
		SolutionGuid = {49874685-4046-4D21-8BFC-D71032A4ECA6}
	EndGlobalSection
EndGlobal
